
Microsoft Visual Studio Solution File, Format Version 12.00
# Visual Studio Version 17
VisualStudioVersion = 17.14.36301.6 d17.14
MinimumVisualStudioVersion = 10.0.40219.1
Project("{FAE04EC0-301F-11D3-BF4B-00C04F79EFBC}") = "GetFit_Application", "GetFit_Application.csproj", "{223765FE-8374-4EE8-9F63-FA9E8EBCAE5C}"
EndProject
Global
	GlobalSection(SolutionConfigurationPlatforms) = preSolution
		Debug|Any CPU = Debug|Any CPU
		Release|Any CPU = Release|Any CPU
	EndGlobalSection
	GlobalSection(ProjectConfigurationPlatforms) = postSolution
		{223765FE-8374-4EE8-9F63-FA9E8EBCAE5C}.Debug|Any CPU.ActiveCfg = Debug|Any CPU
		{223765FE-8374-4EE8-9F63-FA9E8EBCAE5C}.Debug|Any CPU.Build.0 = Debug|Any CPU
		{223765FE-8374-4EE8-9F63-FA9E8EBCAE5C}.Release|Any CPU.ActiveCfg = Release|Any CPU
		{223765FE-8374-4EE8-9F63-FA9E8EBCAE5C}.Release|Any CPU.Build.0 = Release|Any CPU
	EndGlobalSection
	GlobalSection(SolutionProperties) = preSolution
		HideSolutionNode = FALSE
	EndGlobalSection
	GlobalSection(ExtensibilityGlobals) = postSolution
		SolutionGuid = {D1BCDFDC-3284-4EF8-8312-7B56E9584033}
	EndGlobalSection
EndGlobal
